// !$*UTF8*$!
{
	archiveVersion = 1;
	classes = {
	};
	objectVersion = 50;
	objects = {

/* Begin PBXBuildFile section */
		66776958249A3D2E00F6286B /* Static.m in Sources */ = {isa = PBXBuildFile; fileRef = 66776957249A3D2E00F6286B /* Static.m */; };
		66776959249A3D2E00F6286B /* Static.h in CopyFiles */ = {isa = PBXBuildFile; fileRef = 66776956249A3D2E00F6286B /* Static.h */; };
		6677696F249A450C00F6286B /* CatViewController.m in Sources */ = {isa = PBXBuildFile; fileRef = 6677696E249A450C00F6286B /* CatViewController.m */; };
		8C44540ABD1BDF2AB050EFE8 /* Pods_Static.framework in Frameworks */ = {isa = PBXBuildFile; fileRef = 2B68A1BFB78D8E63794E7BCC /* Pods_Static.framework */; };
/* End PBXBuildFile section */

/* Begin PBXCopyFilesBuildPhase section */
		66776951249A3D2E00F6286B /* CopyFiles */ = {
			isa = PBXCopyFilesBuildPhase;
			buildActionMask = 2147483647;
			dstPath = "include/$(PRODUCT_NAME)";
			dstSubfolderSpec = 16;
			files = (
				66776959249A3D2E00F6286B /* Static.h in CopyFiles */,
			);
			runOnlyForDeploymentPostprocessing = 0;
		};
/* End PBXCopyFilesBuildPhase section */

/* Begin PBXFileReference section */
		1A06AE3A68BE2F197DDC3A03 /* Pods-Static.debug.xcconfig */ = {isa = PBXFileReference; includeInIndex = 1; lastKnownFileType = text.xcconfig; name = "Pods-Static.debug.xcconfig"; path = "Target Support Files/Pods-Static/Pods-Static.debug.xcconfig"; sourceTree = "<group>"; };
		2B68A1BFB78D8E63794E7BCC /* Pods_Static.framework */ = {isa = PBXFileReference; explicitFileType = wrapper.framework; includeInIndex = 0; path = Pods_Static.framework; sourceTree = BUILT_PRODUCTS_DIR; };
		66776953249A3D2E00F6286B /* libStatic.a */ = {isa = PBXFileReference; explicitFileType = archive.ar; includeInIndex = 0; path = libStatic.a; sourceTree = BUILT_PRODUCTS_DIR; };
		66776956249A3D2E00F6286B /* Static.h */ = {isa = PBXFileReference; lastKnownFileType = sourcecode.c.h; path = Static.h; sourceTree = "<group>"; };
		66776957249A3D2E00F6286B /* Static.m */ = {isa = PBXFileReference; lastKnownFileType = sourcecode.c.objc; path = Static.m; sourceTree = "<group>"; };
		6677696D249A450C00F6286B /* CatViewController.h */ = {isa = PBXFileReference; lastKnownFileType = sourcecode.c.h; path = CatViewController.h; sourceTree = "<group>"; };
		6677696E249A450C00F6286B /* CatViewController.m */ = {isa = PBXFileReference; lastKnownFileType = sourcecode.c.objc; path = CatViewController.m; sourceTree = "<group>"; };
		8751C031AF415A9418800C6A /* Pods-Static.release.xcconfig */ = {isa = PBXFileReference; includeInIndex = 1; lastKnownFileType = text.xcconfig; name = "Pods-Static.release.xcconfig"; path = "Target Support Files/Pods-Static/Pods-Static.release.xcconfig"; sourceTree = "<group>"; };
/* End PBXFileReference section */

/* Begin PBXFrameworksBuildPhase section */
		66776950249A3D2E00F6286B /* Frameworks */ = {
			isa = PBXFrameworksBuildPhase;
			buildActionMask = 2147483647;
			files = (
				8C44540ABD1BDF2AB050EFE8 /* Pods_Static.framework in Frameworks */,
			);
			runOnlyForDeploymentPostprocessing = 0;
		};
/* End PBXFrameworksBuildPhase section */

/* Begin PBXGroup section */
		6677694A249A3D2D00F6286B = {
			isa = PBXGroup;
			children = (
				66776955249A3D2E00F6286B /* Static */,
				66776954249A3D2E00F6286B /* Products */,
				D6A0ADA87BE1A3D3C670163D /* Pods */,
				9392F63CB9379B06BD5C0BD0 /* Frameworks */,
			);
			sourceTree = "<group>";
		};
		66776954249A3D2E00F6286B /* Products */ = {
			isa = PBXGroup;
			children = (
				66776953249A3D2E00F6286B /* libStatic.a */,
			);
			name = Products;
			sourceTree = "<group>";
		};
		66776955249A3D2E00F6286B /* Static */ = {
			isa = PBXGroup;
			children = (
				66776956249A3D2E00F6286B /* Static.h */,
				66776957249A3D2E00F6286B /* Static.m */,
				6677696D249A450C00F6286B /* CatViewController.h */,
				6677696E249A450C00F6286B /* CatViewController.m */,
			);
			path = Static;
			sourceTree = "<group>";
		};
		9392F63CB9379B06BD5C0BD0 /* Frameworks */ = {
			isa = PBXGroup;
			children = (
				2B68A1BFB78D8E63794E7BCC /* Pods_Static.framework */,
			);
			name = Frameworks;
			sourceTree = "<group>";
		};
		D6A0ADA87BE1A3D3C670163D /* Pods */ = {
			isa = PBXGroup;
			children = (
				1A06AE3A68BE2F197DDC3A03 /* Pods-Static.debug.xcconfig */,
				8751C031AF415A9418800C6A /* Pods-Static.release.xcconfig */,
			);
			name = Pods;
			path = ../Pods;
			sourceTree = "<group>";
		};
/* End PBXGroup section */

/* Begin PBXNativeTarget section */
		66776952249A3D2E00F6286B /* Static */ = {
			isa = PBXNativeTarget;
			buildConfigurationList = 6677695C249A3D2E00F6286B /* Build configuration list for PBXNativeTarget "Static" */;
			buildPhases = (
				1A0DF319A1B65045F8346727 /* [CP] Check Pods Manifest.lock */,
				6677694F249A3D2E00F6286B /* Sources */,
				66776950249A3D2E00F6286B /* Frameworks */,
				66776951249A3D2E00F6286B /* CopyFiles */,
			);
			buildRules = (
			);
			dependencies = (
			);
			name = Static;
			productName = Static;
			productReference = 66776953249A3D2E00F6286B /* libStatic.a */;
			productType = "com.apple.product-type.library.static";
		};
/* End PBXNativeTarget section */

/* Begin PBXProject section */
		6677694B249A3D2D00F6286B /* Project object */ = {
			isa = PBXProject;
			attributes = {
				LastUpgradeCheck = 1130;
				ORGANIZATIONNAME = GD;
				TargetAttributes = {
					66776952249A3D2E00F6286B = {
						CreatedOnToolsVersion = 11.3;
					};
				};
			};
			buildConfigurationList = 6677694E249A3D2D00F6286B /* Build configuration list for PBXProject "Static" */;
			compatibilityVersion = "Xcode 9.3";
			developmentRegion = en;
			hasScannedForEncodings = 0;
			knownRegions = (
				en,
				Base,
			);
			mainGroup = 6677694A249A3D2D00F6286B;
			productRefGroup = 66776954249A3D2E00F6286B /* Products */;
			projectDirPath = "";
			projectRoot = "";
			targets = (
				66776952249A3D2E00F6286B /* Static */,
			);
		};
/* End PBXProject section */

/* Begin PBXShellScriptBuildPhase section */
		1A0DF319A1B65045F8346727 /* [CP] Check Pods Manifest.lock */ = {
			isa = PBXShellScriptBuildPhase;
			buildActionMask = 2147483647;
			files = (
			);
			inputFileListPaths = (
			);
			inputPaths = (
				"${PODS_PODFILE_DIR_PATH}/Podfile.lock",
				"${PODS_ROOT}/Manifest.lock",
			);
			name = "[CP] Check Pods Manifest.lock";
			outputFileListPaths = (
			);
			outputPaths = (
				"$(DERIVED_FILE_DIR)/Pods-Static-checkManifestLockResult.txt",
			);
			runOnlyForDeploymentPostprocessing = 0;
			shellPath = /bin/sh;
			shellScript = "diff \"${PODS_PODFILE_DIR_PATH}/Podfile.lock\" \"${PODS_ROOT}/Manifest.lock\" > /dev/null\nif [ $? != 0 ] ; then\n    # print error to STDERR\n    echo \"error: The sandbox is not in sync with the Podfile.lock. Run 'pod install' or update your CocoaPods installation.\" >&2\n    exit 1\nfi\n# This output is used by Xcode 'outputs' to avoid re-running this script phase.\necho \"SUCCESS\" > \"${SCRIPT_OUTPUT_FILE_0}\"\n";
			showEnvVarsInLog = 0;
		};
/* End PBXShellScriptBuildPhase section */

/* Begin PBXSourcesBuildPhase section */
		6677694F249A3D2E00F6286B /* Sources */ = {
			isa = PBXSourcesBuildPhase;
			buildActionMask = 2147483647;
			files = (
				66776958249A3D2E00F6286B /* Static.m in Sources */,
				6677696F249A450C00F6286B /* CatViewController.m in Sources */,
			);
			runOnlyForDeploymentPostprocessing = 0;
		};
/* End PBXSourcesBuildPhase section */

/* Begin XCBuildConfiguration section */
		6677695A249A3D2E00F6286B /* Debug */ = {
			isa = XCBuildConfiguration;
			buildSettings = {
				ALWAYS_SEARCH_USER_PATHS = NO;
				CLANG_ANALYZER_NONNULL = YES;
				CLANG_ANALYZER_NUMBER_OBJECT_CONVERSION = YES_AGGRESSIVE;
				CLANG_CXX_LANGUAGE_STANDARD = "gnu++14";
				CLANG_CXX_LIBRARY = "libc++";
				CLANG_ENABLE_MODULES = YES;
				CLANG_ENABLE_OBJC_ARC = YES;
				CLANG_ENABLE_OBJC_WEAK = YES;
				CLANG_WARN_BLOCK_CAPTURE_AUTORELEASING = YES;
				CLANG_WARN_BOOL_CONVERSION = YES;
				CLANG_WARN_COMMA = YES;
				CLANG_WARN_CONSTANT_CONVERSION = YES;
				CLANG_WARN_DEPRECATED_OBJC_IMPLEMENTATIONS = YES;
				CLANG_WARN_DIRECT_OBJC_ISA_USAGE = YES_ERROR;
				CLANG_WARN_DOCUMENTATION_COMMENTS = YES;
				CLANG_WARN_EMPTY_BODY = YES;
				CLANG_WARN_ENUM_CONVERSION = YES;
				CLANG_WARN_INFINITE_RECURSION = YES;
				CLANG_WARN_INT_CONVERSION = YES;
				CLANG_WARN_NON_LITERAL_NULL_CONVERSION = YES;
				CLANG_WARN_OBJC_IMPLICIT_RETAIN_SELF = YES;
				CLANG_WARN_OBJC_LITERAL_CONVERSION = YES;
				CLANG_WARN_OBJC_ROOT_CLASS = YES_ERROR;
				CLANG_WARN_RANGE_LOOP_ANALYSIS = YES;
				CLANG_WARN_STRICT_PROTOTYPES = YES;
				CLANG_WARN_SUSPICIOUS_MOVE = YES;
				CLANG_WARN_UNGUARDED_AVAILABILITY = YES_AGGRESSIVE;
				CLANG_WARN_UNREACHABLE_CODE = YES;
				CLANG_WARN__DUPLICATE_METHOD_MATCH = YES;
				COPY_PHASE_STRIP = NO;
				DEBUG_INFORMATION_FORMAT = dwarf;
				ENABLE_STRICT_OBJC_MSGSEND = YES;
				ENABLE_TESTABILITY = YES;
				GCC_C_LANGUAGE_STANDARD = gnu11;
				GCC_DYNAMIC_NO_PIC = NO;
				GCC_NO_COMMON_BLOCKS = YES;
				GCC_OPTIMIZATION_LEVEL = 0;
				GCC_PREPROCESSOR_DEFINITIONS = (
					"DEBUG=1",
					"$(inherited)",
				);
				GCC_WARN_64_TO_32_BIT_CONVERSION = YES;
				GCC_WARN_ABOUT_RETURN_TYPE = YES_ERROR;
				GCC_WARN_UNDECLARED_SELECTOR = YES;
				GCC_WARN_UNINITIALIZED_AUTOS = YES_AGGRESSIVE;
				GCC_WARN_UNUSED_FUNCTION = YES;
				GCC_WARN_UNUSED_VARIABLE = YES;
				IPHONEOS_DEPLOYMENT_TARGET = 13.2;
				MTL_ENABLE_DEBUG_INFO = INCLUDE_SOURCE;
				MTL_FAST_MATH = YES;
				ONLY_ACTIVE_ARCH = YES;
				SDKROOT = iphoneos;
			};
			name = Debug;
		};
		6677695B249A3D2E00F6286B /* Release */ = {
			isa = XCBuildConfiguration;
			buildSettings = {
				ALWAYS_SEARCH_USER_PATHS = NO;
				CLANG_ANALYZER_NONNULL = YES;
				CLANG_ANALYZER_NUMBER_OBJECT_CONVERSION = YES_AGGRESSIVE;
				CLANG_CXX_LANGUAGE_STANDARD = "gnu++14";
				CLANG_CXX_LIBRARY = "libc++";
				CLANG_ENABLE_MODULES = YES;
				CLANG_ENABLE_OBJC_ARC = YES;
				CLANG_ENABLE_OBJC_WEAK = YES;
				CLANG_WARN_BLOCK_CAPTURE_AUTORELEASING = YES;
				CLANG_WARN_BOOL_CONVERSION = YES;
				CLANG_WARN_COMMA = YES;
				CLANG_WARN_CONSTANT_CONVERSION = YES;
				CLANG_WARN_DEPRECATED_OBJC_IMPLEMENTATIONS = YES;
				CLANG_WARN_DIRECT_OBJC_ISA_USAGE = YES_ERROR;
				CLANG_WARN_DOCUMENTATION_COMMENTS = YES;
				CLANG_WARN_EMPTY_BODY = YES;
				CLANG_WARN_ENUM_CONVERSION = YES;
				CLANG_WARN_INFINITE_RECURSION = YES;
				CLANG_WARN_INT_CONVERSION = YES;
				CLANG_WARN_NON_LITERAL_NULL_CONVERSION = YES;
				CLANG_WARN_OBJC_IMPLICIT_RETAIN_SELF = YES;
				CLANG_WARN_OBJC_LITERAL_CONVERSION = YES;
				CLANG_WARN_OBJC_ROOT_CLASS = YES_ERROR;
				CLANG_WARN_RANGE_LOOP_ANALYSIS = YES;
				CLANG_WARN_STRICT_PROTOTYPES = YES;
				CLANG_WARN_SUSPICIOUS_MOVE = YES;
				CLANG_WARN_UNGUARDED_AVAILABILITY = YES_AGGRESSIVE;
				CLANG_WARN_UNREACHABLE_CODE = YES;
				CLANG_WARN__DUPLICATE_METHOD_MATCH = YES;
				COPY_PHASE_STRIP = NO;
				DEBUG_INFORMATION_FORMAT = "dwarf-with-dsym";
				ENABLE_NS_ASSERTIONS = NO;
				ENABLE_STRICT_OBJC_MSGSEND = YES;
				GCC_C_LANGUAGE_STANDARD = gnu11;
				GCC_NO_COMMON_BLOCKS = YES;
				GCC_WARN_64_TO_32_BIT_CONVERSION = YES;
				GCC_WARN_ABOUT_RETURN_TYPE = YES_ERROR;
				GCC_WARN_UNDECLARED_SELECTOR = YES;
				GCC_WARN_UNINITIALIZED_AUTOS = YES_AGGRESSIVE;
				GCC_WARN_UNUSED_FUNCTION = YES;
				GCC_WARN_UNUSED_VARIABLE = YES;
				IPHONEOS_DEPLOYMENT_TARGET = 13.2;
				MTL_ENABLE_DEBUG_INFO = NO;
				MTL_FAST_MATH = YES;
				SDKROOT = iphoneos;
				VALIDATE_PRODUCT = YES;
			};
			name = Release;
		};
		6677695D249A3D2E00F6286B /* Debug */ = {
			isa = XCBuildConfiguration;
			baseConfigurationReference = 1A06AE3A68BE2F197DDC3A03 /* Pods-Static.debug.xcconfig */;
			buildSettings = {
				CODE_SIGN_STYLE = Automatic;
				DEVELOPMENT_TEAM = TUA796WHW3;
				OTHER_LDFLAGS = "-ObjC";
				PRODUCT_NAME = "$(TARGET_NAME)";
				SKIP_INSTALL = YES;
				TARGETED_DEVICE_FAMILY = "1,2";
			};
			name = Debug;
		};
		6677695E249A3D2E00F6286B /* Release */ = {
			isa = XCBuildConfiguration;
			baseConfigurationReference = 8751C031AF415A9418800C6A /* Pods-Static.release.xcconfig */;
			buildSettings = {
				CODE_SIGN_STYLE = Automatic;
				DEVELOPMENT_TEAM = TUA796WHW3;
				OTHER_LDFLAGS = "-ObjC";
				PRODUCT_NAME = "$(TARGET_NAME)";
				SKIP_INSTALL = YES;
				TARGETED_DEVICE_FAMILY = "1,2";
			};
			name = Release;
		};
/* End XCBuildConfiguration section */

/* Begin XCConfigurationList section */
		6677694E249A3D2D00F6286B /* Build configuration list for PBXProject "Static" */ = {
			isa = XCConfigurationList;
			buildConfigurations = (
				6677695A249A3D2E00F6286B /* Debug */,
				6677695B249A3D2E00F6286B /* Release */,
			);
			defaultConfigurationIsVisible = 0;
			defaultConfigurationName = Release;
		};
		6677695C249A3D2E00F6286B /* Build configuration list for PBXNativeTarget "Static" */ = {
			isa = XCConfigurationList;
			buildConfigurations = (
				6677695D249A3D2E00F6286B /* Debug */,
				6677695E249A3D2E00F6286B /* Release */,
			);
			defaultConfigurationIsVisible = 0;
			defaultConfigurationName = Release;
		};
/* End XCConfigurationList section */
	};
	rootObject = 6677694B249A3D2D00F6286B /* Project object */;
}
